
Microsoft Visual Studio Solution File, Format Version 12.00
# Visual Studio 15
VisualStudioVersion = 15.0.28307.852
MinimumVisualStudioVersion = 10.0.40219.1
Project("{FAE04EC0-301F-11D3-BF4B-00C04F79EFBC}") = "Pizza", "Pizza\Pizza.csproj", "{7DD163D4-E543-4A66-B7AE-C1289980DE6A}"
EndProject
Global
	GlobalSection(SolutionConfigurationPlatforms) = preSolution
		Debug|Any CPU = Debug|Any CPU
		Release|Any CPU = Release|Any CPU
	EndGlobalSection
	GlobalSection(ProjectConfigurationPlatforms) = postSolution
		{7DD163D4-E543-4A66-B7AE-C1289980DE6A}.Debug|Any CPU.ActiveCfg = Debug|Any CPU
		{7DD163D4-E543-4A66-B7AE-C1289980DE6A}.Debug|Any CPU.Build.0 = Debug|Any CPU
		{7DD163D4-E543-4A66-B7AE-C1289980DE6A}.Release|Any CPU.ActiveCfg = Release|Any CPU
		{7DD163D4-E543-4A66-B7AE-C1289980DE6A}.Release|Any CPU.Build.0 = Release|Any CPU
	EndGlobalSection
	GlobalSection(SolutionProperties) = preSolution
		HideSolutionNode = FALSE
	EndGlobalSection
	GlobalSection(ExtensibilityGlobals) = postSolution
		SolutionGuid = {3BC75A7D-689C-45C8-B985-1F00F7242FE1}
	EndGlobalSection
EndGlobal
